// !$*UTF8*$!
{
	archiveVersion = 1;
	classes = {
	};
	objectVersion = 50;
	objects = {

/* Begin PBXBuildFile section */
		4836F2062631E64B000301D0 /* Friends.storyboard in Resources */ = {isa = PBXBuildFile; fileRef = 4836F2052631E64B000301D0 /* Friends.storyboard */; };
		4836F2092631E66F000301D0 /* Chat.storyboard in Resources */ = {isa = PBXBuildFile; fileRef = 4836F2082631E66F000301D0 /* Chat.storyboard */; };
		4836F20C2631E6EB000301D0 /* Sharp.storyboard in Resources */ = {isa = PBXBuildFile; fileRef = 4836F20B2631E6EB000301D0 /* Sharp.storyboard */; };
		4836F20F2631E707000301D0 /* Shop.storyboard in Resources */ = {isa = PBXBuildFile; fileRef = 4836F20E2631E707000301D0 /* Shop.storyboard */; };
		4836F2122631E716000301D0 /* More.storyboard in Resources */ = {isa = PBXBuildFile; fileRef = 4836F2112631E716000301D0 /* More.storyboard */; };
		48478A58261C5B3000616858 /* AppDelegate.swift in Sources */ = {isa = PBXBuildFile; fileRef = 48478A57261C5B3000616858 /* AppDelegate.swift */; };
		48478A5A261C5B3000616858 /* SceneDelegate.swift in Sources */ = {isa = PBXBuildFile; fileRef = 48478A59261C5B3000616858 /* SceneDelegate.swift */; };
		48478A5C261C5B3000616858 /* ViewController.swift in Sources */ = {isa = PBXBuildFile; fileRef = 48478A5B261C5B3000616858 /* ViewController.swift */; };
		48478A5F261C5B3000616858 /* Main.storyboard in Resources */ = {isa = PBXBuildFile; fileRef = 48478A5D261C5B3000616858 /* Main.storyboard */; };
		48478A61261C5B3200616858 /* Assets.xcassets in Resources */ = {isa = PBXBuildFile; fileRef = 48478A60261C5B3200616858 /* Assets.xcassets */; };
		48478A64261C5B3200616858 /* LaunchScreen.storyboard in Resources */ = {isa = PBXBuildFile; fileRef = 48478A62261C5B3200616858 /* LaunchScreen.storyboard */; };
		48478A6D261C626B00616858 /* LoginViewController.swift in Sources */ = {isa = PBXBuildFile; fileRef = 48478A6C261C626B00616858 /* LoginViewController.swift */; };
		48478A70261C628100616858 /* SignUpViewController.swift in Sources */ = {isa = PBXBuildFile; fileRef = 48478A6F261C628100616858 /* SignUpViewController.swift */; };
		48478A73261C629B00616858 /* ConfirmViewController.swift in Sources */ = {isa = PBXBuildFile; fileRef = 48478A72261C629B00616858 /* ConfirmViewController.swift */; };
		485A4B7926328917000B2486 /* ShowFriendsListViewController.swift in Sources */ = {isa = PBXBuildFile; fileRef = 485A4B7826328917000B2486 /* ShowFriendsListViewController.swift */; };
		485A4B7C26328A0C000B2486 /* ShowProfileViewController.swift in Sources */ = {isa = PBXBuildFile; fileRef = 485A4B7B26328A0C000B2486 /* ShowProfileViewController.swift */; };
/* End PBXBuildFile section */

/* Begin PBXFileReference section */
		4836F2052631E64B000301D0 /* Friends.storyboard */ = {isa = PBXFileReference; lastKnownFileType = file.storyboard; path = Friends.storyboard; sourceTree = "<group>"; };
		4836F2082631E66F000301D0 /* Chat.storyboard */ = {isa = PBXFileReference; lastKnownFileType = file.storyboard; path = Chat.storyboard; sourceTree = "<group>"; };
		4836F20B2631E6EB000301D0 /* Sharp.storyboard */ = {isa = PBXFileReference; lastKnownFileType = file.storyboard; path = Sharp.storyboard; sourceTree = "<group>"; };
		4836F20E2631E707000301D0 /* Shop.storyboard */ = {isa = PBXFileReference; lastKnownFileType = file.storyboard; path = Shop.storyboard; sourceTree = "<group>"; };
		4836F2112631E716000301D0 /* More.storyboard */ = {isa = PBXFileReference; lastKnownFileType = file.storyboard; path = More.storyboard; sourceTree = "<group>"; };
		48478A54261C5B3000616858 /* SOPTweek1.app */ = {isa = PBXFileReference; explicitFileType = wrapper.application; includeInIndex = 0; path = SOPTweek1.app; sourceTree = BUILT_PRODUCTS_DIR; };
		48478A57261C5B3000616858 /* AppDelegate.swift */ = {isa = PBXFileReference; lastKnownFileType = sourcecode.swift; path = AppDelegate.swift; sourceTree = "<group>"; };
		48478A59261C5B3000616858 /* SceneDelegate.swift */ = {isa = PBXFileReference; lastKnownFileType = sourcecode.swift; path = SceneDelegate.swift; sourceTree = "<group>"; };
		48478A5B261C5B3000616858 /* ViewController.swift */ = {isa = PBXFileReference; lastKnownFileType = sourcecode.swift; path = ViewController.swift; sourceTree = "<group>"; };
		48478A5E261C5B3000616858 /* Base */ = {isa = PBXFileReference; lastKnownFileType = file.storyboard; name = Base; path = Base.lproj/Main.storyboard; sourceTree = "<group>"; };
		48478A60261C5B3200616858 /* Assets.xcassets */ = {isa = PBXFileReference; lastKnownFileType = folder.assetcatalog; path = Assets.xcassets; sourceTree = "<group>"; };
		48478A63261C5B3200616858 /* Base */ = {isa = PBXFileReference; lastKnownFileType = file.storyboard; name = Base; path = Base.lproj/LaunchScreen.storyboard; sourceTree = "<group>"; };
		48478A65261C5B3200616858 /* Info.plist */ = {isa = PBXFileReference; lastKnownFileType = text.plist.xml; path = Info.plist; sourceTree = "<group>"; };
		48478A6C261C626B00616858 /* LoginViewController.swift */ = {isa = PBXFileReference; lastKnownFileType = sourcecode.swift; path = LoginViewController.swift; sourceTree = "<group>"; };
		48478A6F261C628100616858 /* SignUpViewController.swift */ = {isa = PBXFileReference; lastKnownFileType = sourcecode.swift; path = SignUpViewController.swift; sourceTree = "<group>"; };
		48478A72261C629B00616858 /* ConfirmViewController.swift */ = {isa = PBXFileReference; lastKnownFileType = sourcecode.swift; path = ConfirmViewController.swift; sourceTree = "<group>"; };
		485A4B7826328917000B2486 /* ShowFriendsListViewController.swift */ = {isa = PBXFileReference; lastKnownFileType = sourcecode.swift; path = ShowFriendsListViewController.swift; sourceTree = "<group>"; };
		485A4B7B26328A0C000B2486 /* ShowProfileViewController.swift */ = {isa = PBXFileReference; lastKnownFileType = sourcecode.swift; path = ShowProfileViewController.swift; sourceTree = "<group>"; };
/* End PBXFileReference section */

/* Begin PBXFrameworksBuildPhase section */
		48478A51261C5B3000616858 /* Frameworks */ = {
			isa = PBXFrameworksBuildPhase;
			buildActionMask = 2147483647;
			files = (
			);
			runOnlyForDeploymentPostprocessing = 0;
		};
/* End PBXFrameworksBuildPhase section */

/* Begin PBXGroup section */
		48478A4B261C5B3000616858 = {
			isa = PBXGroup;
			children = (
				48478A56261C5B3000616858 /* SOPTweek1 */,
				48478A55261C5B3000616858 /* Products */,
			);
			sourceTree = "<group>";
		};
		48478A55261C5B3000616858 /* Products */ = {
			isa = PBXGroup;
			children = (
				48478A54261C5B3000616858 /* SOPTweek1.app */,
			);
			name = Products;
			sourceTree = "<group>";
		};
		48478A56261C5B3000616858 /* SOPTweek1 */ = {
			isa = PBXGroup;
			children = (
				48478A57261C5B3000616858 /* AppDelegate.swift */,
				48478A59261C5B3000616858 /* SceneDelegate.swift */,
				48478A5B261C5B3000616858 /* ViewController.swift */,
				48478A5D261C5B3000616858 /* Main.storyboard */,
				4836F2052631E64B000301D0 /* Friends.storyboard */,
				4836F2082631E66F000301D0 /* Chat.storyboard */,
				4836F20B2631E6EB000301D0 /* Sharp.storyboard */,
				4836F20E2631E707000301D0 /* Shop.storyboard */,
				4836F2112631E716000301D0 /* More.storyboard */,
				48478A60261C5B3200616858 /* Assets.xcassets */,
				48478A62261C5B3200616858 /* LaunchScreen.storyboard */,
				48478A65261C5B3200616858 /* Info.plist */,
				48478A6C261C626B00616858 /* LoginViewController.swift */,
				485A4B7826328917000B2486 /* ShowFriendsListViewController.swift */,
				485A4B7B26328A0C000B2486 /* ShowProfileViewController.swift */,
				48478A6F261C628100616858 /* SignUpViewController.swift */,
				48478A72261C629B00616858 /* ConfirmViewController.swift */,
			);
			path = SOPTweek1;
			sourceTree = "<group>";
		};
/* End PBXGroup section */

/* Begin PBXNativeTarget section */
		48478A53261C5B3000616858 /* SOPTweek1 */ = {
			isa = PBXNativeTarget;
			buildConfigurationList = 48478A68261C5B3200616858 /* Build configuration list for PBXNativeTarget "SOPTweek1" */;
			buildPhases = (
				48478A50261C5B3000616858 /* Sources */,
				48478A51261C5B3000616858 /* Frameworks */,
				48478A52261C5B3000616858 /* Resources */,
			);
			buildRules = (
			);
			dependencies = (
			);
			name = SOPTweek1;
			productName = SOPTweek1;
			productReference = 48478A54261C5B3000616858 /* SOPTweek1.app */;
			productType = "com.apple.product-type.application";
		};
/* End PBXNativeTarget section */

/* Begin PBXProject section */
		48478A4C261C5B3000616858 /* Project object */ = {
			isa = PBXProject;
			attributes = {
				LastSwiftUpdateCheck = 1240;
				LastUpgradeCheck = 1240;
				TargetAttributes = {
					48478A53261C5B3000616858 = {
						CreatedOnToolsVersion = 12.4;
					};
				};
			};
			buildConfigurationList = 48478A4F261C5B3000616858 /* Build configuration list for PBXProject "SOPTweek1" */;
			compatibilityVersion = "Xcode 9.3";
			developmentRegion = en;
			hasScannedForEncodings = 0;
			knownRegions = (
				en,
				Base,
			);
			mainGroup = 48478A4B261C5B3000616858;
			productRefGroup = 48478A55261C5B3000616858 /* Products */;
			projectDirPath = "";
			projectRoot = "";
			targets = (
				48478A53261C5B3000616858 /* SOPTweek1 */,
			);
		};
/* End PBXProject section */

/* Begin PBXResourcesBuildPhase section */
		48478A52261C5B3000616858 /* Resources */ = {
			isa = PBXResourcesBuildPhase;
			buildActionMask = 2147483647;
			files = (
				4836F2062631E64B000301D0 /* Friends.storyboard in Resources */,
				4836F2122631E716000301D0 /* More.storyboard in Resources */,
				48478A64261C5B3200616858 /* LaunchScreen.storyboard in Resources */,
				48478A61261C5B3200616858 /* Assets.xcassets in Resources */,
				4836F2092631E66F000301D0 /* Chat.storyboard in Resources */,
				4836F20F2631E707000301D0 /* Shop.storyboard in Resources */,
				48478A5F261C5B3000616858 /* Main.storyboard in Resources */,
				4836F20C2631E6EB000301D0 /* Sharp.storyboard in Resources */,
			);
			runOnlyForDeploymentPostprocessing = 0;
		};
/* End PBXResourcesBuildPhase section */

/* Begin PBXSourcesBuildPhase section */
		48478A50261C5B3000616858 /* Sources */ = {
			isa = PBXSourcesBuildPhase;
			buildActionMask = 2147483647;
			files = (
				48478A6D261C626B00616858 /* LoginViewController.swift in Sources */,
				48478A5C261C5B3000616858 /* ViewController.swift in Sources */,
				48478A58261C5B3000616858 /* AppDelegate.swift in Sources */,
				485A4B7C26328A0C000B2486 /* ShowProfileViewController.swift in Sources */,
				48478A73261C629B00616858 /* ConfirmViewController.swift in Sources */,
				48478A5A261C5B3000616858 /* SceneDelegate.swift in Sources */,
				48478A70261C628100616858 /* SignUpViewController.swift in Sources */,
				485A4B7926328917000B2486 /* ShowFriendsListViewController.swift in Sources */,
			);
			runOnlyForDeploymentPostprocessing = 0;
		};
/* End PBXSourcesBuildPhase section */

/* Begin PBXVariantGroup section */
		48478A5D261C5B3000616858 /* Main.storyboard */ = {
			isa = PBXVariantGroup;
			children = (
				48478A5E261C5B3000616858 /* Base */,
			);
			name = Main.storyboard;
			sourceTree = "<group>";
		};
		48478A62261C5B3200616858 /* LaunchScreen.storyboard */ = {
			isa = PBXVariantGroup;
			children = (
				48478A63261C5B3200616858 /* Base */,
			);
			name = LaunchScreen.storyboard;
			sourceTree = "<group>";
		};
/* End PBXVariantGroup section */

/* Begin XCBuildConfiguration section */
		48478A66261C5B3200616858 /* Debug */ = {
			isa = XCBuildConfiguration;
			buildSettings = {
				ALWAYS_SEARCH_USER_PATHS = NO;
				CLANG_ANALYZER_NONNULL = YES;
				CLANG_ANALYZER_NUMBER_OBJECT_CONVERSION = YES_AGGRESSIVE;
				CLANG_CXX_LANGUAGE_STANDARD = "gnu++14";
				CLANG_CXX_LIBRARY = "libc++";
				CLANG_ENABLE_MODULES = YES;
				CLANG_ENABLE_OBJC_ARC = YES;
				CLANG_ENABLE_OBJC_WEAK = YES;
				CLANG_WARN_BLOCK_CAPTURE_AUTORELEASING = YES;
				CLANG_WARN_BOOL_CONVERSION = YES;
				CLANG_WARN_COMMA = YES;
				CLANG_WARN_CONSTANT_CONVERSION = YES;
				CLANG_WARN_DEPRECATED_OBJC_IMPLEMENTATIONS = YES;
				CLANG_WARN_DIRECT_OBJC_ISA_USAGE = YES_ERROR;
				CLANG_WARN_DOCUMENTATION_COMMENTS = YES;
				CLANG_WARN_EMPTY_BODY = YES;
				CLANG_WARN_ENUM_CONVERSION = YES;
				CLANG_WARN_INFINITE_RECURSION = YES;
				CLANG_WARN_INT_CONVERSION = YES;
				CLANG_WARN_NON_LITERAL_NULL_CONVERSION = YES;
				CLANG_WARN_OBJC_IMPLICIT_RETAIN_SELF = YES;
				CLANG_WARN_OBJC_LITERAL_CONVERSION = YES;
				CLANG_WARN_OBJC_ROOT_CLASS = YES_ERROR;
				CLANG_WARN_QUOTED_INCLUDE_IN_FRAMEWORK_HEADER = YES;
				CLANG_WARN_RANGE_LOOP_ANALYSIS = YES;
				CLANG_WARN_STRICT_PROTOTYPES = YES;
				CLANG_WARN_SUSPICIOUS_MOVE = YES;
				CLANG_WARN_UNGUARDED_AVAILABILITY = YES_AGGRESSIVE;
				CLANG_WARN_UNREACHABLE_CODE = YES;
				CLANG_WARN__DUPLICATE_METHOD_MATCH = YES;
				COPY_PHASE_STRIP = NO;
				DEBUG_INFORMATION_FORMAT = dwarf;
				ENABLE_STRICT_OBJC_MSGSEND = YES;
				ENABLE_TESTABILITY = YES;
				GCC_C_LANGUAGE_STANDARD = gnu11;
				GCC_DYNAMIC_NO_PIC = NO;
				GCC_NO_COMMON_BLOCKS = YES;
				GCC_OPTIMIZATION_LEVEL = 0;
				GCC_PREPROCESSOR_DEFINITIONS = (
					"DEBUG=1",
					"$(inherited)",
				);
				GCC_WARN_64_TO_32_BIT_CONVERSION = YES;
				GCC_WARN_ABOUT_RETURN_TYPE = YES_ERROR;
				GCC_WARN_UNDECLARED_SELECTOR = YES;
				GCC_WARN_UNINITIALIZED_AUTOS = YES_AGGRESSIVE;
				GCC_WARN_UNUSED_FUNCTION = YES;
				GCC_WARN_UNUSED_VARIABLE = YES;
				IPHONEOS_DEPLOYMENT_TARGET = 14.4;
				MTL_ENABLE_DEBUG_INFO = INCLUDE_SOURCE;
				MTL_FAST_MATH = YES;
				ONLY_ACTIVE_ARCH = YES;
				SDKROOT = iphoneos;
				SWIFT_ACTIVE_COMPILATION_CONDITIONS = DEBUG;
				SWIFT_OPTIMIZATION_LEVEL = "-Onone";
			};
			name = Debug;
		};
		48478A67261C5B3200616858 /* Release */ = {
			isa = XCBuildConfiguration;
			buildSettings = {
				ALWAYS_SEARCH_USER_PATHS = NO;
				CLANG_ANALYZER_NONNULL = YES;
				CLANG_ANALYZER_NUMBER_OBJECT_CONVERSION = YES_AGGRESSIVE;
				CLANG_CXX_LANGUAGE_STANDARD = "gnu++14";
				CLANG_CXX_LIBRARY = "libc++";
				CLANG_ENABLE_MODULES = YES;
				CLANG_ENABLE_OBJC_ARC = YES;
				CLANG_ENABLE_OBJC_WEAK = YES;
				CLANG_WARN_BLOCK_CAPTURE_AUTORELEASING = YES;
				CLANG_WARN_BOOL_CONVERSION = YES;
				CLANG_WARN_COMMA = YES;
				CLANG_WARN_CONSTANT_CONVERSION = YES;
				CLANG_WARN_DEPRECATED_OBJC_IMPLEMENTATIONS = YES;
				CLANG_WARN_DIRECT_OBJC_ISA_USAGE = YES_ERROR;
				CLANG_WARN_DOCUMENTATION_COMMENTS = YES;
				CLANG_WARN_EMPTY_BODY = YES;
				CLANG_WARN_ENUM_CONVERSION = YES;
				CLANG_WARN_INFINITE_RECURSION = YES;
				CLANG_WARN_INT_CONVERSION = YES;
				CLANG_WARN_NON_LITERAL_NULL_CONVERSION = YES;
				CLANG_WARN_OBJC_IMPLICIT_RETAIN_SELF = YES;
				CLANG_WARN_OBJC_LITERAL_CONVERSION = YES;
				CLANG_WARN_OBJC_ROOT_CLASS = YES_ERROR;
				CLANG_WARN_QUOTED_INCLUDE_IN_FRAMEWORK_HEADER = YES;
				CLANG_WARN_RANGE_LOOP_ANALYSIS = YES;
				CLANG_WARN_STRICT_PROTOTYPES = YES;
				CLANG_WARN_SUSPICIOUS_MOVE = YES;
				CLANG_WARN_UNGUARDED_AVAILABILITY = YES_AGGRESSIVE;
				CLANG_WARN_UNREACHABLE_CODE = YES;
				CLANG_WARN__DUPLICATE_METHOD_MATCH = YES;
				COPY_PHASE_STRIP = NO;
				DEBUG_INFORMATION_FORMAT = "dwarf-with-dsym";
				ENABLE_NS_ASSERTIONS = NO;
				ENABLE_STRICT_OBJC_MSGSEND = YES;
				GCC_C_LANGUAGE_STANDARD = gnu11;
				GCC_NO_COMMON_BLOCKS = YES;
				GCC_WARN_64_TO_32_BIT_CONVERSION = YES;
				GCC_WARN_ABOUT_RETURN_TYPE = YES_ERROR;
				GCC_WARN_UNDECLARED_SELECTOR = YES;
				GCC_WARN_UNINITIALIZED_AUTOS = YES_AGGRESSIVE;
				GCC_WARN_UNUSED_FUNCTION = YES;
				GCC_WARN_UNUSED_VARIABLE = YES;
				IPHONEOS_DEPLOYMENT_TARGET = 14.4;
				MTL_ENABLE_DEBUG_INFO = NO;
				MTL_FAST_MATH = YES;
				SDKROOT = iphoneos;
				SWIFT_COMPILATION_MODE = wholemodule;
				SWIFT_OPTIMIZATION_LEVEL = "-O";
				VALIDATE_PRODUCT = YES;
			};
			name = Release;
		};
		48478A69261C5B3200616858 /* Debug */ = {
			isa = XCBuildConfiguration;
			buildSettings = {
				ASSETCATALOG_COMPILER_APPICON_NAME = AppIcon;
				ASSETCATALOG_COMPILER_GLOBAL_ACCENT_COLOR_NAME = AccentColor;
				CODE_SIGN_STYLE = Automatic;
				DEVELOPMENT_TEAM = 974W34ZWBU;
				INFOPLIST_FILE = SOPTweek1/Info.plist;
				LD_RUNPATH_SEARCH_PATHS = (
					"$(inherited)",
					"@executable_path/Frameworks",
				);
				PRODUCT_BUNDLE_IDENTIFIER = DYS.SOPTweek1;
				PRODUCT_NAME = "$(TARGET_NAME)";
				SWIFT_VERSION = 5.0;
				TARGETED_DEVICE_FAMILY = "1,2";
			};
			name = Debug;
		};
		48478A6A261C5B3200616858 /* Release */ = {
			isa = XCBuildConfiguration;
			buildSettings = {
				ASSETCATALOG_COMPILER_APPICON_NAME = AppIcon;
				ASSETCATALOG_COMPILER_GLOBAL_ACCENT_COLOR_NAME = AccentColor;
				CODE_SIGN_STYLE = Automatic;
				DEVELOPMENT_TEAM = 974W34ZWBU;
				INFOPLIST_FILE = SOPTweek1/Info.plist;
				LD_RUNPATH_SEARCH_PATHS = (
					"$(inherited)",
					"@executable_path/Frameworks",
				);
				PRODUCT_BUNDLE_IDENTIFIER = DYS.SOPTweek1;
				PRODUCT_NAME = "$(TARGET_NAME)";
				SWIFT_VERSION = 5.0;
				TARGETED_DEVICE_FAMILY = "1,2";
			};
			name = Release;
		};
/* End XCBuildConfiguration section */

/* Begin XCConfigurationList section */
		48478A4F261C5B3000616858 /* Build configuration list for PBXProject "SOPTweek1" */ = {
			isa = XCConfigurationList;
			buildConfigurations = (
				48478A66261C5B3200616858 /* Debug */,
				48478A67261C5B3200616858 /* Release */,
			);
			defaultConfigurationIsVisible = 0;
			defaultConfigurationName = Release;
		};
		48478A68261C5B3200616858 /* Build configuration list for PBXNativeTarget "SOPTweek1" */ = {
			isa = XCConfigurationList;
			buildConfigurations = (
				48478A69261C5B3200616858 /* Debug */,
				48478A6A261C5B3200616858 /* Release */,
			);
			defaultConfigurationIsVisible = 0;
			defaultConfigurationName = Release;
		};
/* End XCConfigurationList section */
	};
	rootObject = 48478A4C261C5B3000616858 /* Project object */;
}
